
Microsoft Visual Studio Solution File, Format Version 12.00
# Visual Studio Version 17
VisualStudioVersion = 17.2.32616.157
MinimumVisualStudioVersion = 10.0.40219.1
Project("{FAE04EC0-301F-11D3-BF4B-00C04F79EFBC}") = "Better Void Heart", "Better Void Heart.csproj", "{927D2B3F-6854-4B7F-B9F8-2C5E6BC18E10}"
EndProject
Global
	GlobalSection(SolutionConfigurationPlatforms) = preSolution
		Debug|Any CPU = Debug|Any CPU
		Release|Any CPU = Release|Any CPU
	EndGlobalSection
	GlobalSection(ProjectConfigurationPlatforms) = postSolution
		{927D2B3F-6854-4B7F-B9F8-2C5E6BC18E10}.Debug|Any CPU.ActiveCfg = Debug|Any CPU
		{927D2B3F-6854-4B7F-B9F8-2C5E6BC18E10}.Debug|Any CPU.Build.0 = Debug|Any CPU
		{927D2B3F-6854-4B7F-B9F8-2C5E6BC18E10}.Release|Any CPU.ActiveCfg = Release|Any CPU
		{927D2B3F-6854-4B7F-B9F8-2C5E6BC18E10}.Release|Any CPU.Build.0 = Release|Any CPU
	EndGlobalSection
	GlobalSection(SolutionProperties) = preSolution
		HideSolutionNode = FALSE
	EndGlobalSection
	GlobalSection(ExtensibilityGlobals) = postSolution
		SolutionGuid = {104C0A1A-7E75-44BB-BBA0-93D719BF66C0}
	EndGlobalSection
EndGlobal
